// !$*UTF8*$!
{
	archiveVersion = 1;
	classes = {
	};
	objectVersion = 46;
	objects = {

/* Begin PBXBuildFile section */
		36FCF898B9BABE0428451C47 /* libPods.a in Frameworks */ = {isa = PBXBuildFile; fileRef = C9A2A775CE4C27F80A2DDB1D /* libPods.a */; };
		789F613EC2DCC0651C74BADC /* ChildViewModel.m in Sources */ = {isa = PBXBuildFile; fileRef = 789F6CAA15DB43F9BD01E9EC /* ChildViewModel.m */; };
		789F620EF04D7926FD73C57F /* goods3.jpg in Resources */ = {isa = PBXBuildFile; fileRef = 789F616E4074A0A75979FD2C /* goods3.jpg */; };
		789F6326B5DDBD79B28BA930 /* goods8.jpg in Resources */ = {isa = PBXBuildFile; fileRef = 789F6073DE7C415F4AE9EFC8 /* goods8.jpg */; };
		789F64839BA92D5144513D82 /* goods4.jpg in Resources */ = {isa = PBXBuildFile; fileRef = 789F6D5336241E5F143D2D15 /* goods4.jpg */; };
		789F650FAA8E6EC9AE60FE4A /* AppDelegate.m in Sources */ = {isa = PBXBuildFile; fileRef = 789F6F5CF390E1F3ACF2231B /* AppDelegate.m */; };
		789F6539840416F82C2BD11E /* Assets.xcassets in Resources */ = {isa = PBXBuildFile; fileRef = 789F62C41FC496571ADFCA41 /* Assets.xcassets */; };
		789F66F402968E024B5B06DE /* goods1.jpg in Resources */ = {isa = PBXBuildFile; fileRef = 789F6E628A9C8A05013B1512 /* goods1.jpg */; };
		789F679E38263CB842C6CB8A /* goods7.jpg in Resources */ = {isa = PBXBuildFile; fileRef = 789F6F38291EAE4812FB1DBE /* goods7.jpg */; };
		789F67A1ACEC92B624627548 /* goods6.jpg in Resources */ = {isa = PBXBuildFile; fileRef = 789F688441072A6BC79D9FD1 /* goods6.jpg */; };
		789F692A8FE70B6CE9CB0B84 /* CBIconfont.m in Sources */ = {isa = PBXBuildFile; fileRef = 789F6F8F109381E01CB0611F /* CBIconfont.m */; };
		789F6B21B5D803B4DC39C4C1 /* ViewController.m in Sources */ = {isa = PBXBuildFile; fileRef = 789F66A718B098DFCE89C655 /* ViewController.m */; };
		789F6C3D5994839600000278 /* goods5.jpg in Resources */ = {isa = PBXBuildFile; fileRef = 789F631226165CD8EF93F13F /* goods5.jpg */; };
		789F6E0A412E21FC039F4614 /* GoodsCell.m in Sources */ = {isa = PBXBuildFile; fileRef = 789F6D824413E6BB1ADBBF6F /* GoodsCell.m */; };
		789F6ECC2A30EB595FAC21F6 /* goods2.png in Resources */ = {isa = PBXBuildFile; fileRef = 789F63DF65B69C16F40F32A3 /* goods2.png */; };
		789F6F9A9BE15F15E968707B /* LaunchScreen.storyboard in Resources */ = {isa = PBXBuildFile; fileRef = 789F6048C77AA9FEF49630B4 /* LaunchScreen.storyboard */; };
		789F6FD4A7C84250E0E20055 /* ChildViewController.m in Sources */ = {isa = PBXBuildFile; fileRef = 789F6BF598EDF9F902FEE36B /* ChildViewController.m */; };
		D1A635581CF8370900B3A523 /* main.m in Sources */ = {isa = PBXBuildFile; fileRef = D1A635571CF8370900B3A523 /* main.m */; };
		D1A635711CF8370A00B3A523 /* CBCategoryViewDemoTests.m in Sources */ = {isa = PBXBuildFile; fileRef = D1A635701CF8370A00B3A523 /* CBCategoryViewDemoTests.m */; };
		D1A6357C1CF8370A00B3A523 /* CBCategoryViewDemoUITests.m in Sources */ = {isa = PBXBuildFile; fileRef = D1A6357B1CF8370A00B3A523 /* CBCategoryViewDemoUITests.m */; };
		D1A636031CF83BD600B3A523 /* CBCategoryView.framework in Frameworks */ = {isa = PBXBuildFile; fileRef = D1A636021CF83BD600B3A523 /* CBCategoryView.framework */; };
/* End PBXBuildFile section */

/* Begin PBXContainerItemProxy section */
		D1A6356D1CF8370A00B3A523 /* PBXContainerItemProxy */ = {
			isa = PBXContainerItemProxy;
			containerPortal = D1A6354B1CF8370900B3A523 /* Project object */;
			proxyType = 1;
			remoteGlobalIDString = D1A635521CF8370900B3A523;
			remoteInfo = CBCategoryViewDemo;
		};
		D1A635781CF8370A00B3A523 /* PBXContainerItemProxy */ = {
			isa = PBXContainerItemProxy;
			containerPortal = D1A6354B1CF8370900B3A523 /* Project object */;
			proxyType = 1;
			remoteGlobalIDString = D1A635521CF8370900B3A523;
			remoteInfo = CBCategoryViewDemo;
		};
/* End PBXContainerItemProxy section */

/* Begin PBXFileReference section */
		789F604CFB93027CA37B201B /* ChildViewModel.h */ = {isa = PBXFileReference; fileEncoding = 4; lastKnownFileType = sourcecode.c.h; path = ChildViewModel.h; sourceTree = "<group>"; };
		789F6073DE7C415F4AE9EFC8 /* goods8.jpg */ = {isa = PBXFileReference; lastKnownFileType = image.jpeg; path = goods8.jpg; sourceTree = "<group>"; };
		789F616E4074A0A75979FD2C /* goods3.jpg */ = {isa = PBXFileReference; lastKnownFileType = image.jpeg; path = goods3.jpg; sourceTree = "<group>"; };
		789F62C41FC496571ADFCA41 /* Assets.xcassets */ = {isa = PBXFileReference; lastKnownFileType = folder.assetcatalog; path = Assets.xcassets; sourceTree = "<group>"; };
		789F631226165CD8EF93F13F /* goods5.jpg */ = {isa = PBXFileReference; lastKnownFileType = image.jpeg; path = goods5.jpg; sourceTree = "<group>"; };
		789F63507C3BC1218F993C85 /* GoodsCell.h */ = {isa = PBXFileReference; fileEncoding = 4; lastKnownFileType = sourcecode.c.h; path = GoodsCell.h; sourceTree = "<group>"; };
		789F63DF65B69C16F40F32A3 /* goods2.png */ = {isa = PBXFileReference; lastKnownFileType = image.png; path = goods2.png; sourceTree = "<group>"; };
		789F6586658A98B682E0434A /* AppDelegate.h */ = {isa = PBXFileReference; fileEncoding = 4; lastKnownFileType = sourcecode.c.h; path = AppDelegate.h; sourceTree = "<group>"; };
		789F663CD731E09757C260CC /* Base */ = {isa = PBXFileReference; lastKnownFileType = file.storyboard; name = Base; path = Base.lproj/LaunchScreen.storyboard; sourceTree = "<group>"; };
		789F66A718B098DFCE89C655 /* ViewController.m */ = {isa = PBXFileReference; fileEncoding = 4; lastKnownFileType = sourcecode.c.objc; path = ViewController.m; sourceTree = "<group>"; };
		789F6719C5C3D5F1CBC8682C /* ChildViewController.h */ = {isa = PBXFileReference; fileEncoding = 4; lastKnownFileType = sourcecode.c.h; path = ChildViewController.h; sourceTree = "<group>"; };
		789F686D6400DCDF33EAFEB1 /* CBIconfont.h */ = {isa = PBXFileReference; fileEncoding = 4; lastKnownFileType = sourcecode.c.h; path = CBIconfont.h; sourceTree = "<group>"; };
		789F688441072A6BC79D9FD1 /* goods6.jpg */ = {isa = PBXFileReference; lastKnownFileType = image.jpeg; path = goods6.jpg; sourceTree = "<group>"; };
		789F6BF598EDF9F902FEE36B /* ChildViewController.m */ = {isa = PBXFileReference; fileEncoding = 4; lastKnownFileType = sourcecode.c.objc; path = ChildViewController.m; sourceTree = "<group>"; };
		789F6CAA15DB43F9BD01E9EC /* ChildViewModel.m */ = {isa = PBXFileReference; fileEncoding = 4; lastKnownFileType = sourcecode.c.objc; path = ChildViewModel.m; sourceTree = "<group>"; };
		789F6D5336241E5F143D2D15 /* goods4.jpg */ = {isa = PBXFileReference; lastKnownFileType = image.jpeg; path = goods4.jpg; sourceTree = "<group>"; };
		789F6D824413E6BB1ADBBF6F /* GoodsCell.m */ = {isa = PBXFileReference; fileEncoding = 4; lastKnownFileType = sourcecode.c.objc; path = GoodsCell.m; sourceTree = "<group>"; };
		789F6E628A9C8A05013B1512 /* goods1.jpg */ = {isa = PBXFileReference; lastKnownFileType = image.jpeg; path = goods1.jpg; sourceTree = "<group>"; };
		789F6F144021E547541F68EE /* ViewController.h */ = {isa = PBXFileReference; fileEncoding = 4; lastKnownFileType = sourcecode.c.h; path = ViewController.h; sourceTree = "<group>"; };
		789F6F3040CC81C7EF63CC79 /* Info.plist */ = {isa = PBXFileReference; fileEncoding = 4; lastKnownFileType = text.plist.info; path = Info.plist; sourceTree = "<group>"; };
		789F6F38291EAE4812FB1DBE /* goods7.jpg */ = {isa = PBXFileReference; lastKnownFileType = image.jpeg; path = goods7.jpg; sourceTree = "<group>"; };
		789F6F5CF390E1F3ACF2231B /* AppDelegate.m */ = {isa = PBXFileReference; fileEncoding = 4; lastKnownFileType = sourcecode.c.objc; path = AppDelegate.m; sourceTree = "<group>"; };
		789F6F8F109381E01CB0611F /* CBIconfont.m */ = {isa = PBXFileReference; fileEncoding = 4; lastKnownFileType = sourcecode.c.objc; path = CBIconfont.m; sourceTree = "<group>"; };
		B547396F0CE4053C601EF232 /* Pods.release.xcconfig */ = {isa = PBXFileReference; includeInIndex = 1; lastKnownFileType = text.xcconfig; name = Pods.release.xcconfig; path = "../Pods/Target Support Files/Pods/Pods.release.xcconfig"; sourceTree = "<group>"; };
		BC316FBFD59F1F0C76503811 /* Pods.debug.xcconfig */ = {isa = PBXFileReference; includeInIndex = 1; lastKnownFileType = text.xcconfig; name = Pods.debug.xcconfig; path = "../Pods/Target Support Files/Pods/Pods.debug.xcconfig"; sourceTree = "<group>"; };
		C9A2A775CE4C27F80A2DDB1D /* libPods.a */ = {isa = PBXFileReference; explicitFileType = archive.ar; includeInIndex = 0; path = libPods.a; sourceTree = BUILT_PRODUCTS_DIR; };
		D1A635531CF8370900B3A523 /* CBCategoryViewDemo.app */ = {isa = PBXFileReference; explicitFileType = wrapper.application; includeInIndex = 0; path = CBCategoryViewDemo.app; sourceTree = BUILT_PRODUCTS_DIR; };
		D1A635571CF8370900B3A523 /* main.m */ = {isa = PBXFileReference; lastKnownFileType = sourcecode.c.objc; path = main.m; sourceTree = "<group>"; };
		D1A6356C1CF8370A00B3A523 /* CBCategoryViewDemoTests.xctest */ = {isa = PBXFileReference; explicitFileType = wrapper.cfbundle; includeInIndex = 0; path = CBCategoryViewDemoTests.xctest; sourceTree = BUILT_PRODUCTS_DIR; };
		D1A635701CF8370A00B3A523 /* CBCategoryViewDemoTests.m */ = {isa = PBXFileReference; lastKnownFileType = sourcecode.c.objc; path = CBCategoryViewDemoTests.m; sourceTree = "<group>"; };
		D1A635721CF8370A00B3A523 /* Info.plist */ = {isa = PBXFileReference; lastKnownFileType = text.plist.xml; path = Info.plist; sourceTree = "<group>"; };
		D1A635771CF8370A00B3A523 /* CBCategoryViewDemoUITests.xctest */ = {isa = PBXFileReference; explicitFileType = wrapper.cfbundle; includeInIndex = 0; path = CBCategoryViewDemoUITests.xctest; sourceTree = BUILT_PRODUCTS_DIR; };
		D1A6357B1CF8370A00B3A523 /* CBCategoryViewDemoUITests.m */ = {isa = PBXFileReference; lastKnownFileType = sourcecode.c.objc; path = CBCategoryViewDemoUITests.m; sourceTree = "<group>"; };
		D1A6357D1CF8370A00B3A523 /* Info.plist */ = {isa = PBXFileReference; lastKnownFileType = text.plist.xml; path = Info.plist; sourceTree = "<group>"; };
		D1A636021CF83BD600B3A523 /* CBCategoryView.framework */ = {isa = PBXFileReference; lastKnownFileType = wrapper.framework; name = CBCategoryView.framework; path = "../CBCategoryView/build/Debug-iphoneos/CBCategoryView.framework"; sourceTree = "<group>"; };
/* End PBXFileReference section */

/* Begin PBXFrameworksBuildPhase section */
		D1A635501CF8370900B3A523 /* Frameworks */ = {
			isa = PBXFrameworksBuildPhase;
			buildActionMask = 2147483647;
			files = (
				D1A636031CF83BD600B3A523 /* CBCategoryView.framework in Frameworks */,
				36FCF898B9BABE0428451C47 /* libPods.a in Frameworks */,
			);
			runOnlyForDeploymentPostprocessing = 0;
		};
		D1A635691CF8370A00B3A523 /* Frameworks */ = {
			isa = PBXFrameworksBuildPhase;
			buildActionMask = 2147483647;
			files = (
			);
			runOnlyForDeploymentPostprocessing = 0;
		};
		D1A635741CF8370A00B3A523 /* Frameworks */ = {
			isa = PBXFrameworksBuildPhase;
			buildActionMask = 2147483647;
			files = (
			);
			runOnlyForDeploymentPostprocessing = 0;
		};
/* End PBXFrameworksBuildPhase section */

/* Begin PBXGroup section */
		33316906EA5D4DDC672B9F23 /* Frameworks */ = {
			isa = PBXGroup;
			children = (
				C9A2A775CE4C27F80A2DDB1D /* libPods.a */,
			);
			name = Frameworks;
			sourceTree = "<group>";
		};
		789F641636DD7069310A4445 /* assets */ = {
			isa = PBXGroup;
			children = (
				789F63DF65B69C16F40F32A3 /* goods2.png */,
				789F6E628A9C8A05013B1512 /* goods1.jpg */,
				789F688441072A6BC79D9FD1 /* goods6.jpg */,
				789F6F38291EAE4812FB1DBE /* goods7.jpg */,
				789F616E4074A0A75979FD2C /* goods3.jpg */,
				789F631226165CD8EF93F13F /* goods5.jpg */,
				789F6D5336241E5F143D2D15 /* goods4.jpg */,
				789F6073DE7C415F4AE9EFC8 /* goods8.jpg */,
			);
			path = assets;
			sourceTree = "<group>";
		};
		789F64B78B62C98F4D14F927 /* ViewModel */ = {
			isa = PBXGroup;
			children = (
				789F6CAA15DB43F9BD01E9EC /* ChildViewModel.m */,
				789F604CFB93027CA37B201B /* ChildViewModel.h */,
			);
			path = ViewModel;
			sourceTree = "<group>";
		};
		789F68B9F351E9B11D969D46 /* ViewController */ = {
			isa = PBXGroup;
			children = (
				789F6F144021E547541F68EE /* ViewController.h */,
				789F66A718B098DFCE89C655 /* ViewController.m */,
				789F6BF598EDF9F902FEE36B /* ChildViewController.m */,
				789F6719C5C3D5F1CBC8682C /* ChildViewController.h */,
			);
			path = ViewController;
			sourceTree = "<group>";
		};
		789F6906B2F283BCD70733A6 /* View */ = {
			isa = PBXGroup;
			children = (
				789F6D824413E6BB1ADBBF6F /* GoodsCell.m */,
				789F63507C3BC1218F993C85 /* GoodsCell.h */,
			);
			path = View;
			sourceTree = "<group>";
		};
		789F6E6120B4DF0F6672DDF4 /* Tools */ = {
			isa = PBXGroup;
			children = (
				789F686D6400DCDF33EAFEB1 /* CBIconfont.h */,
				789F6F8F109381E01CB0611F /* CBIconfont.m */,
			);
			path = Tools;
			sourceTree = "<group>";
		};
		D1A6354A1CF8370900B3A523 = {
			isa = PBXGroup;
			children = (
				D1A636021CF83BD600B3A523 /* CBCategoryView.framework */,
				D1A635551CF8370900B3A523 /* CBCategoryViewDemo */,
				D1A6356F1CF8370A00B3A523 /* CBCategoryViewDemoTests */,
				D1A6357A1CF8370A00B3A523 /* CBCategoryViewDemoUITests */,
				D1A635541CF8370900B3A523 /* Products */,
				EB95522F4AA869CCF68B7345 /* Pods */,
				33316906EA5D4DDC672B9F23 /* Frameworks */,
			);
			sourceTree = "<group>";
		};
		D1A635541CF8370900B3A523 /* Products */ = {
			isa = PBXGroup;
			children = (
				D1A635531CF8370900B3A523 /* CBCategoryViewDemo.app */,
				D1A6356C1CF8370A00B3A523 /* CBCategoryViewDemoTests.xctest */,
				D1A635771CF8370A00B3A523 /* CBCategoryViewDemoUITests.xctest */,
			);
			name = Products;
			sourceTree = "<group>";
		};
		D1A635551CF8370900B3A523 /* CBCategoryViewDemo */ = {
			isa = PBXGroup;
			children = (
				D1A635561CF8370900B3A523 /* Supporting Files */,
				789F68B9F351E9B11D969D46 /* ViewController */,
				789F64B78B62C98F4D14F927 /* ViewModel */,
				789F6906B2F283BCD70733A6 /* View */,
				789F6E6120B4DF0F6672DDF4 /* Tools */,
				789F641636DD7069310A4445 /* assets */,
			);
			path = CBCategoryViewDemo;
			sourceTree = "<group>";
		};
		D1A635561CF8370900B3A523 /* Supporting Files */ = {
			isa = PBXGroup;
			children = (
				D1A635571CF8370900B3A523 /* main.m */,
				789F62C41FC496571ADFCA41 /* Assets.xcassets */,
				789F6586658A98B682E0434A /* AppDelegate.h */,
				789F6F5CF390E1F3ACF2231B /* AppDelegate.m */,
				789F6048C77AA9FEF49630B4 /* LaunchScreen.storyboard */,
				789F6F3040CC81C7EF63CC79 /* Info.plist */,
			);
			name = "Supporting Files";
			sourceTree = "<group>";
		};
		D1A6356F1CF8370A00B3A523 /* CBCategoryViewDemoTests */ = {
			isa = PBXGroup;
			children = (
				D1A635701CF8370A00B3A523 /* CBCategoryViewDemoTests.m */,
				D1A635721CF8370A00B3A523 /* Info.plist */,
			);
			path = CBCategoryViewDemoTests;
			sourceTree = "<group>";
		};
		D1A6357A1CF8370A00B3A523 /* CBCategoryViewDemoUITests */ = {
			isa = PBXGroup;
			children = (
				D1A6357B1CF8370A00B3A523 /* CBCategoryViewDemoUITests.m */,
				D1A6357D1CF8370A00B3A523 /* Info.plist */,
			);
			path = CBCategoryViewDemoUITests;
			sourceTree = "<group>";
		};
		EB95522F4AA869CCF68B7345 /* Pods */ = {
			isa = PBXGroup;
			children = (
				BC316FBFD59F1F0C76503811 /* Pods.debug.xcconfig */,
				B547396F0CE4053C601EF232 /* Pods.release.xcconfig */,
			);
			name = Pods;
			sourceTree = "<group>";
		};
/* End PBXGroup section */

/* Begin PBXNativeTarget section */
		D1A635521CF8370900B3A523 /* CBCategoryViewDemo */ = {
			isa = PBXNativeTarget;
			buildConfigurationList = D1A635801CF8370A00B3A523 /* Build configuration list for PBXNativeTarget "CBCategoryViewDemo" */;
			buildPhases = (
				530A19ABC92F5A64AD9FBE01 /* Check Pods Manifest.lock */,
				D1A6354F1CF8370900B3A523 /* Sources */,
				D1A635501CF8370900B3A523 /* Frameworks */,
				D1A635511CF8370900B3A523 /* Resources */,
				4B14E918073B0283A15DC2B2 /* Embed Pods Frameworks */,
				D223CD4C200E82A7C1374E5A /* Copy Pods Resources */,
			);
			buildRules = (
			);
			dependencies = (
			);
			name = CBCategoryViewDemo;
			productName = CBCategoryViewDemo;
			productReference = D1A635531CF8370900B3A523 /* CBCategoryViewDemo.app */;
			productType = "com.apple.product-type.application";
		};
		D1A6356B1CF8370A00B3A523 /* CBCategoryViewDemoTests */ = {
			isa = PBXNativeTarget;
			buildConfigurationList = D1A635831CF8370A00B3A523 /* Build configuration list for PBXNativeTarget "CBCategoryViewDemoTests" */;
			buildPhases = (
				D1A635681CF8370A00B3A523 /* Sources */,
				D1A635691CF8370A00B3A523 /* Frameworks */,
				D1A6356A1CF8370A00B3A523 /* Resources */,
			);
			buildRules = (
			);
			dependencies = (
				D1A6356E1CF8370A00B3A523 /* PBXTargetDependency */,
			);
			name = CBCategoryViewDemoTests;
			productName = CBCategoryViewDemoTests;
			productReference = D1A6356C1CF8370A00B3A523 /* CBCategoryViewDemoTests.xctest */;
			productType = "com.apple.product-type.bundle.unit-test";
		};
		D1A635761CF8370A00B3A523 /* CBCategoryViewDemoUITests */ = {
			isa = PBXNativeTarget;
			buildConfigurationList = D1A635861CF8370A00B3A523 /* Build configuration list for PBXNativeTarget "CBCategoryViewDemoUITests" */;
			buildPhases = (
				D1A635731CF8370A00B3A523 /* Sources */,
				D1A635741CF8370A00B3A523 /* Frameworks */,
				D1A635751CF8370A00B3A523 /* Resources */,
			);
			buildRules = (
			);
			dependencies = (
				D1A635791CF8370A00B3A523 /* PBXTargetDependency */,
			);
			name = CBCategoryViewDemoUITests;
			productName = CBCategoryViewDemoUITests;
			productReference = D1A635771CF8370A00B3A523 /* CBCategoryViewDemoUITests.xctest */;
			productType = "com.apple.product-type.bundle.ui-testing";
		};
/* End PBXNativeTarget section */

/* Begin PBXProject section */
		D1A6354B1CF8370900B3A523 /* Project object */ = {
			isa = PBXProject;
			attributes = {
				LastUpgradeCheck = 0730;
				ORGANIZATIONNAME = Cocbin;
				TargetAttributes = {
					D1A635521CF8370900B3A523 = {
						CreatedOnToolsVersion = 7.3.1;
					};
					D1A6356B1CF8370A00B3A523 = {
						CreatedOnToolsVersion = 7.3.1;
						TestTargetID = D1A635521CF8370900B3A523;
					};
					D1A635761CF8370A00B3A523 = {
						CreatedOnToolsVersion = 7.3.1;
						TestTargetID = D1A635521CF8370900B3A523;
					};
				};
			};
			buildConfigurationList = D1A6354E1CF8370900B3A523 /* Build configuration list for PBXProject "CBCategoryViewDemo" */;
			compatibilityVersion = "Xcode 3.2";
			developmentRegion = English;
			hasScannedForEncodings = 0;
			knownRegions = (
				en,
				Base,
			);
			mainGroup = D1A6354A1CF8370900B3A523;
			productRefGroup = D1A635541CF8370900B3A523 /* Products */;
			projectDirPath = "";
			projectReferences = (
			);
			projectRoot = "";
			targets = (
				D1A635521CF8370900B3A523 /* CBCategoryViewDemo */,
				D1A6356B1CF8370A00B3A523 /* CBCategoryViewDemoTests */,
				D1A635761CF8370A00B3A523 /* CBCategoryViewDemoUITests */,
			);
		};
/* End PBXProject section */

/* Begin PBXResourcesBuildPhase section */
		D1A635511CF8370900B3A523 /* Resources */ = {
			isa = PBXResourcesBuildPhase;
			buildActionMask = 2147483647;
			files = (
				789F6539840416F82C2BD11E /* Assets.xcassets in Resources */,
				789F6F9A9BE15F15E968707B /* LaunchScreen.storyboard in Resources */,
				789F6ECC2A30EB595FAC21F6 /* goods2.png in Resources */,
				789F66F402968E024B5B06DE /* goods1.jpg in Resources */,
				789F67A1ACEC92B624627548 /* goods6.jpg in Resources */,
				789F679E38263CB842C6CB8A /* goods7.jpg in Resources */,
				789F620EF04D7926FD73C57F /* goods3.jpg in Resources */,
				789F6C3D5994839600000278 /* goods5.jpg in Resources */,
				789F64839BA92D5144513D82 /* goods4.jpg in Resources */,
				789F6326B5DDBD79B28BA930 /* goods8.jpg in Resources */,
			);
			runOnlyForDeploymentPostprocessing = 0;
		};
		D1A6356A1CF8370A00B3A523 /* Resources */ = {
			isa = PBXResourcesBuildPhase;
			buildActionMask = 2147483647;
			files = (
			);
			runOnlyForDeploymentPostprocessing = 0;
		};
		D1A635751CF8370A00B3A523 /* Resources */ = {
			isa = PBXResourcesBuildPhase;
			buildActionMask = 2147483647;
			files = (
			);
			runOnlyForDeploymentPostprocessing = 0;
		};
/* End PBXResourcesBuildPhase section */

/* Begin PBXShellScriptBuildPhase section */
		4B14E918073B0283A15DC2B2 /* Embed Pods Frameworks */ = {
			isa = PBXShellScriptBuildPhase;
			buildActionMask = 2147483647;
			files = (
			);
			inputPaths = (
			);
			name = "Embed Pods Frameworks";
			outputPaths = (
			);
			runOnlyForDeploymentPostprocessing = 0;
			shellPath = /bin/sh;
			shellScript = "\"${SRCROOT}/../Pods/Target Support Files/Pods/Pods-frameworks.sh\"\n";
			showEnvVarsInLog = 0;
		};
		530A19ABC92F5A64AD9FBE01 /* Check Pods Manifest.lock */ = {
			isa = PBXShellScriptBuildPhase;
			buildActionMask = 2147483647;
			files = (
			);
			inputPaths = (
			);
			name = "Check Pods Manifest.lock";
			outputPaths = (
			);
			runOnlyForDeploymentPostprocessing = 0;
			shellPath = /bin/sh;
			shellScript = "diff \"${PODS_ROOT}/../Podfile.lock\" \"${PODS_ROOT}/Manifest.lock\" > /dev/null\nif [[ $? != 0 ]] ; then\n    cat << EOM\nerror: The sandbox is not in sync with the Podfile.lock. Run 'pod install' or update your CocoaPods installation.\nEOM\n    exit 1\nfi\n";
			showEnvVarsInLog = 0;
		};
		D223CD4C200E82A7C1374E5A /* Copy Pods Resources */ = {
			isa = PBXShellScriptBuildPhase;
			buildActionMask = 2147483647;
			files = (
			);
			inputPaths = (
			);
			name = "Copy Pods Resources";
			outputPaths = (
			);
			runOnlyForDeploymentPostprocessing = 0;
			shellPath = /bin/sh;
			shellScript = "\"${SRCROOT}/../Pods/Target Support Files/Pods/Pods-resources.sh\"\n";
			showEnvVarsInLog = 0;
		};
/* End PBXShellScriptBuildPhase section */

/* Begin PBXSourcesBuildPhase section */
		D1A6354F1CF8370900B3A523 /* Sources */ = {
			isa = PBXSourcesBuildPhase;
			buildActionMask = 2147483647;
			files = (
				D1A635581CF8370900B3A523 /* main.m in Sources */,
				789F650FAA8E6EC9AE60FE4A /* AppDelegate.m in Sources */,
				789F6B21B5D803B4DC39C4C1 /* ViewController.m in Sources */,
				789F6FD4A7C84250E0E20055 /* ChildViewController.m in Sources */,
				789F613EC2DCC0651C74BADC /* ChildViewModel.m in Sources */,
				789F6E0A412E21FC039F4614 /* GoodsCell.m in Sources */,
				789F692A8FE70B6CE9CB0B84 /* CBIconfont.m in Sources */,
			);
			runOnlyForDeploymentPostprocessing = 0;
		};
		D1A635681CF8370A00B3A523 /* Sources */ = {
			isa = PBXSourcesBuildPhase;
			buildActionMask = 2147483647;
			files = (
				D1A635711CF8370A00B3A523 /* CBCategoryViewDemoTests.m in Sources */,
			);
			runOnlyForDeploymentPostprocessing = 0;
		};
		D1A635731CF8370A00B3A523 /* Sources */ = {
			isa = PBXSourcesBuildPhase;
			buildActionMask = 2147483647;
			files = (
				D1A6357C1CF8370A00B3A523 /* CBCategoryViewDemoUITests.m in Sources */,
			);
			runOnlyForDeploymentPostprocessing = 0;
		};
/* End PBXSourcesBuildPhase section */

/* Begin PBXTargetDependency section */
		D1A6356E1CF8370A00B3A523 /* PBXTargetDependency */ = {
			isa = PBXTargetDependency;
			target = D1A635521CF8370900B3A523 /* CBCategoryViewDemo */;
			targetProxy = D1A6356D1CF8370A00B3A523 /* PBXContainerItemProxy */;
		};
		D1A635791CF8370A00B3A523 /* PBXTargetDependency */ = {
			isa = PBXTargetDependency;
			target = D1A635521CF8370900B3A523 /* CBCategoryViewDemo */;
			targetProxy = D1A635781CF8370A00B3A523 /* PBXContainerItemProxy */;
		};
/* End PBXTargetDependency section */

/* Begin PBXVariantGroup section */
		789F6048C77AA9FEF49630B4 /* LaunchScreen.storyboard */ = {
			isa = PBXVariantGroup;
			children = (
				789F663CD731E09757C260CC /* Base */,
			);
			name = LaunchScreen.storyboard;
			sourceTree = "<group>";
		};
/* End PBXVariantGroup section */

/* Begin XCBuildConfiguration section */
		D1A6357E1CF8370A00B3A523 /* Debug */ = {
			isa = XCBuildConfiguration;
			buildSettings = {
				ALWAYS_SEARCH_USER_PATHS = NO;
				CLANG_ANALYZER_NONNULL = YES;
				CLANG_CXX_LANGUAGE_STANDARD = "gnu++0x";
				CLANG_CXX_LIBRARY = "libc++";
				CLANG_ENABLE_MODULES = YES;
				CLANG_ENABLE_OBJC_ARC = YES;
				CLANG_WARN_BOOL_CONVERSION = YES;
				CLANG_WARN_CONSTANT_CONVERSION = YES;
				CLANG_WARN_DIRECT_OBJC_ISA_USAGE = YES_ERROR;
				CLANG_WARN_EMPTY_BODY = YES;
				CLANG_WARN_ENUM_CONVERSION = YES;
				CLANG_WARN_INT_CONVERSION = YES;
				CLANG_WARN_OBJC_ROOT_CLASS = YES_ERROR;
				CLANG_WARN_UNREACHABLE_CODE = YES;
				CLANG_WARN__DUPLICATE_METHOD_MATCH = YES;
				"CODE_SIGN_IDENTITY[sdk=iphoneos*]" = "iPhone Developer";
				COPY_PHASE_STRIP = NO;
				DEBUG_INFORMATION_FORMAT = dwarf;
				ENABLE_STRICT_OBJC_MSGSEND = YES;
				ENABLE_TESTABILITY = YES;
				GCC_C_LANGUAGE_STANDARD = gnu99;
				GCC_DYNAMIC_NO_PIC = NO;
				GCC_NO_COMMON_BLOCKS = YES;
				GCC_OPTIMIZATION_LEVEL = 0;
				GCC_PREPROCESSOR_DEFINITIONS = (
					"DEBUG=1",
					"$(inherited)",
				);
				GCC_WARN_64_TO_32_BIT_CONVERSION = YES;
				GCC_WARN_ABOUT_RETURN_TYPE = YES_ERROR;
				GCC_WARN_UNDECLARED_SELECTOR = YES;
				GCC_WARN_UNINITIALIZED_AUTOS = YES_AGGRESSIVE;
				GCC_WARN_UNUSED_FUNCTION = YES;
				GCC_WARN_UNUSED_VARIABLE = YES;
				IPHONEOS_DEPLOYMENT_TARGET = 9.3;
				MTL_ENABLE_DEBUG_INFO = YES;
				ONLY_ACTIVE_ARCH = YES;
				SDKROOT = iphoneos;
				TARGETED_DEVICE_FAMILY = "1,2";
			};
			name = Debug;
		};
		D1A6357F1CF8370A00B3A523 /* Release */ = {
			isa = XCBuildConfiguration;
			buildSettings = {
				ALWAYS_SEARCH_USER_PATHS = NO;
				CLANG_ANALYZER_NONNULL = YES;
				CLANG_CXX_LANGUAGE_STANDARD = "gnu++0x";
				CLANG_CXX_LIBRARY = "libc++";
				CLANG_ENABLE_MODULES = YES;
				CLANG_ENABLE_OBJC_ARC = YES;
				CLANG_WARN_BOOL_CONVERSION = YES;
				CLANG_WARN_CONSTANT_CONVERSION = YES;
				CLANG_WARN_DIRECT_OBJC_ISA_USAGE = YES_ERROR;
				CLANG_WARN_EMPTY_BODY = YES;
				CLANG_WARN_ENUM_CONVERSION = YES;
				CLANG_WARN_INT_CONVERSION = YES;
				CLANG_WARN_OBJC_ROOT_CLASS = YES_ERROR;
				CLANG_WARN_UNREACHABLE_CODE = YES;
				CLANG_WARN__DUPLICATE_METHOD_MATCH = YES;
				"CODE_SIGN_IDENTITY[sdk=iphoneos*]" = "iPhone Developer";
				COPY_PHASE_STRIP = NO;
				DEBUG_INFORMATION_FORMAT = "dwarf-with-dsym";
				ENABLE_NS_ASSERTIONS = NO;
				ENABLE_STRICT_OBJC_MSGSEND = YES;
				GCC_C_LANGUAGE_STANDARD = gnu99;
				GCC_NO_COMMON_BLOCKS = YES;
				GCC_WARN_64_TO_32_BIT_CONVERSION = YES;
				GCC_WARN_ABOUT_RETURN_TYPE = YES_ERROR;
				GCC_WARN_UNDECLARED_SELECTOR = YES;
				GCC_WARN_UNINITIALIZED_AUTOS = YES_AGGRESSIVE;
				GCC_WARN_UNUSED_FUNCTION = YES;
				GCC_WARN_UNUSED_VARIABLE = YES;
				IPHONEOS_DEPLOYMENT_TARGET = 9.3;
				MTL_ENABLE_DEBUG_INFO = NO;
				SDKROOT = iphoneos;
				TARGETED_DEVICE_FAMILY = "1,2";
				VALIDATE_PRODUCT = YES;
			};
			name = Release;
		};
		D1A635811CF8370A00B3A523 /* Debug */ = {
			isa = XCBuildConfiguration;
			baseConfigurationReference = BC316FBFD59F1F0C76503811 /* Pods.debug.xcconfig */;
			buildSettings = {
				ASSETCATALOG_COMPILER_APPICON_NAME = AppIcon;
				INFOPLIST_FILE = CBCategoryViewDemo/Info.plist;
				LD_RUNPATH_SEARCH_PATHS = "$(inherited) @executable_path/Frameworks";
				PRODUCT_BUNDLE_IDENTIFIER = com.cocbin.CBCategoryViewDemo;
				PRODUCT_NAME = "$(TARGET_NAME)";
			};
			name = Debug;
		};
		D1A635821CF8370A00B3A523 /* Release */ = {
			isa = XCBuildConfiguration;
			baseConfigurationReference = B547396F0CE4053C601EF232 /* Pods.release.xcconfig */;
			buildSettings = {
				ASSETCATALOG_COMPILER_APPICON_NAME = AppIcon;
				INFOPLIST_FILE = CBCategoryViewDemo/Info.plist;
				LD_RUNPATH_SEARCH_PATHS = "$(inherited) @executable_path/Frameworks";
				PRODUCT_BUNDLE_IDENTIFIER = com.cocbin.CBCategoryViewDemo;
				PRODUCT_NAME = "$(TARGET_NAME)";
			};
			name = Release;
		};
		D1A635841CF8370A00B3A523 /* Debug */ = {
			isa = XCBuildConfiguration;
			buildSettings = {
				BUNDLE_LOADER = "$(TEST_HOST)";
				INFOPLIST_FILE = CBCategoryViewDemoTests/Info.plist;
				LD_RUNPATH_SEARCH_PATHS = "$(inherited) @executable_path/Frameworks @loader_path/Frameworks";
				PRODUCT_BUNDLE_IDENTIFIER = com.cocbin.CBCategoryViewDemoTests;
				PRODUCT_NAME = "$(TARGET_NAME)";
				TEST_HOST = "$(BUILT_PRODUCTS_DIR)/CBCategoryViewDemo.app/CBCategoryViewDemo";
			};
			name = Debug;
		};
		D1A635851CF8370A00B3A523 /* Release */ = {
			isa = XCBuildConfiguration;
			buildSettings = {
				BUNDLE_LOADER = "$(TEST_HOST)";
				INFOPLIST_FILE = CBCategoryViewDemoTests/Info.plist;
				LD_RUNPATH_SEARCH_PATHS = "$(inherited) @executable_path/Frameworks @loader_path/Frameworks";
				PRODUCT_BUNDLE_IDENTIFIER = com.cocbin.CBCategoryViewDemoTests;
				PRODUCT_NAME = "$(TARGET_NAME)";
				TEST_HOST = "$(BUILT_PRODUCTS_DIR)/CBCategoryViewDemo.app/CBCategoryViewDemo";
			};
			name = Release;
		};
		D1A635871CF8370A00B3A523 /* Debug */ = {
			isa = XCBuildConfiguration;
			buildSettings = {
				INFOPLIST_FILE = CBCategoryViewDemoUITests/Info.plist;
				LD_RUNPATH_SEARCH_PATHS = "$(inherited) @executable_path/Frameworks @loader_path/Frameworks";
				PRODUCT_BUNDLE_IDENTIFIER = com.cocbin.CBCategoryViewDemoUITests;
				PRODUCT_NAME = "$(TARGET_NAME)";
				TEST_TARGET_NAME = CBCategoryViewDemo;
			};
			name = Debug;
		};
		D1A635881CF8370A00B3A523 /* Release */ = {
			isa = XCBuildConfiguration;
			buildSettings = {
				INFOPLIST_FILE = CBCategoryViewDemoUITests/Info.plist;
				LD_RUNPATH_SEARCH_PATHS = "$(inherited) @executable_path/Frameworks @loader_path/Frameworks";
				PRODUCT_BUNDLE_IDENTIFIER = com.cocbin.CBCategoryViewDemoUITests;
				PRODUCT_NAME = "$(TARGET_NAME)";
				TEST_TARGET_NAME = CBCategoryViewDemo;
			};
			name = Release;
		};
/* End XCBuildConfiguration section */

/* Begin XCConfigurationList section */
		D1A6354E1CF8370900B3A523 /* Build configuration list for PBXProject "CBCategoryViewDemo" */ = {
			isa = XCConfigurationList;
			buildConfigurations = (
				D1A6357E1CF8370A00B3A523 /* Debug */,
				D1A6357F1CF8370A00B3A523 /* Release */,
			);
			defaultConfigurationIsVisible = 0;
			defaultConfigurationName = Release;
		};
		D1A635801CF8370A00B3A523 /* Build configuration list for PBXNativeTarget "CBCategoryViewDemo" */ = {
			isa = XCConfigurationList;
			buildConfigurations = (
				D1A635811CF8370A00B3A523 /* Debug */,
				D1A635821CF8370A00B3A523 /* Release */,
			);
			defaultConfigurationIsVisible = 0;
			defaultConfigurationName = Release;
		};
		D1A635831CF8370A00B3A523 /* Build configuration list for PBXNativeTarget "CBCategoryViewDemoTests" */ = {
			isa = XCConfigurationList;
			buildConfigurations = (
				D1A635841CF8370A00B3A523 /* Debug */,
				D1A635851CF8370A00B3A523 /* Release */,
			);
			defaultConfigurationIsVisible = 0;
			defaultConfigurationName = Release;
		};
		D1A635861CF8370A00B3A523 /* Build configuration list for PBXNativeTarget "CBCategoryViewDemoUITests" */ = {
			isa = XCConfigurationList;
			buildConfigurations = (
				D1A635871CF8370A00B3A523 /* Debug */,
				D1A635881CF8370A00B3A523 /* Release */,
			);
			defaultConfigurationIsVisible = 0;
			defaultConfigurationName = Release;
		};
/* End XCConfigurationList section */
	};
	rootObject = D1A6354B1CF8370900B3A523 /* Project object */;
}
